
Microsoft Visual Studio Solution File, Format Version 12.00
# Visual Studio Version 17
VisualStudioVersion = 17.3.32929.385
MinimumVisualStudioVersion = 10.0.40219.1
Project("{9A19103F-16F7-4668-BE54-9A1E7A4F7556}") = "Events", "Events\Events.csproj", "{390FF7F2-6F13-49DA-8AE3-820F1F0CA0AE}"
EndProject
Project("{FAE04EC0-301F-11D3-BF4B-00C04F79EFBC}") = "Events.Service", "Events.Service\Events.Service.csproj", "{A408B156-B6DD-4D1A-B4CA-A81BFB36FFE5}"
EndProject
Project("{FAE04EC0-301F-11D3-BF4B-00C04F79EFBC}") = "Events.Infra.Data", "Events.Infra.Data\Events.Infra.Data.csproj", "{281D7C2D-AB62-4371-8A79-31B9B300AAD6}"
EndProject
Global
	GlobalSection(SolutionConfigurationPlatforms) = preSolution
		Debug|Any CPU = Debug|Any CPU
		Release|Any CPU = Release|Any CPU
	EndGlobalSection
	GlobalSection(ProjectConfigurationPlatforms) = postSolution
		{390FF7F2-6F13-49DA-8AE3-820F1F0CA0AE}.Debug|Any CPU.ActiveCfg = Debug|Any CPU
		{390FF7F2-6F13-49DA-8AE3-820F1F0CA0AE}.Debug|Any CPU.Build.0 = Debug|Any CPU
		{390FF7F2-6F13-49DA-8AE3-820F1F0CA0AE}.Release|Any CPU.ActiveCfg = Release|Any CPU
		{390FF7F2-6F13-49DA-8AE3-820F1F0CA0AE}.Release|Any CPU.Build.0 = Release|Any CPU
		{A408B156-B6DD-4D1A-B4CA-A81BFB36FFE5}.Debug|Any CPU.ActiveCfg = Debug|Any CPU
		{A408B156-B6DD-4D1A-B4CA-A81BFB36FFE5}.Debug|Any CPU.Build.0 = Debug|Any CPU
		{A408B156-B6DD-4D1A-B4CA-A81BFB36FFE5}.Release|Any CPU.ActiveCfg = Release|Any CPU
		{A408B156-B6DD-4D1A-B4CA-A81BFB36FFE5}.Release|Any CPU.Build.0 = Release|Any CPU
		{281D7C2D-AB62-4371-8A79-31B9B300AAD6}.Debug|Any CPU.ActiveCfg = Debug|Any CPU
		{281D7C2D-AB62-4371-8A79-31B9B300AAD6}.Debug|Any CPU.Build.0 = Debug|Any CPU
		{281D7C2D-AB62-4371-8A79-31B9B300AAD6}.Release|Any CPU.ActiveCfg = Release|Any CPU
		{281D7C2D-AB62-4371-8A79-31B9B300AAD6}.Release|Any CPU.Build.0 = Release|Any CPU
	EndGlobalSection
	GlobalSection(SolutionProperties) = preSolution
		HideSolutionNode = FALSE
	EndGlobalSection
	GlobalSection(ExtensibilityGlobals) = postSolution
		SolutionGuid = {5C5F3EAC-A24E-4B81-932D-3F731D7E07C1}
	EndGlobalSection
EndGlobal
